
Microsoft Visual Studio Solution File, Format Version 12.00
# Visual Studio Version 17
VisualStudioVersion = 17.4.33403.182
MinimumVisualStudioVersion = 10.0.40219.1
Project("{FAE04EC0-301F-11D3-BF4B-00C04F79EFBC}") = "demo2", "demo2\demo2.csproj", "{44F2EB8B-9EF7-4443-97CB-E08E6DA0A850}"
EndProject
Global
	GlobalSection(SolutionConfigurationPlatforms) = preSolution
		Debug|Any CPU = Debug|Any CPU
		Release|Any CPU = Release|Any CPU
	EndGlobalSection
	GlobalSection(ProjectConfigurationPlatforms) = postSolution
		{44F2EB8B-9EF7-4443-97CB-E08E6DA0A850}.Debug|Any CPU.ActiveCfg = Debug|Any CPU
		{44F2EB8B-9EF7-4443-97CB-E08E6DA0A850}.Debug|Any CPU.Build.0 = Debug|Any CPU
		{44F2EB8B-9EF7-4443-97CB-E08E6DA0A850}.Release|Any CPU.ActiveCfg = Release|Any CPU
		{44F2EB8B-9EF7-4443-97CB-E08E6DA0A850}.Release|Any CPU.Build.0 = Release|Any CPU
	EndGlobalSection
	GlobalSection(SolutionProperties) = preSolution
		HideSolutionNode = FALSE
	EndGlobalSection
	GlobalSection(ExtensibilityGlobals) = postSolution
		SolutionGuid = {13B3902A-2F48-4FD0-81DE-6412C1F25AD3}
	EndGlobalSection
EndGlobal
